<?xml version="1.0" encoding="utf-8"?>
<Project ToolsVersion="4.0" xmlns="http://schemas.microsoft.com/developer/msbuild/2003">
  <ItemGroup>
    <Filter Include="Source Files">
      <UniqueIdentifier>{4FC737F1-C7A5-4376-A066-2A32D752A2FF}</UniqueIdentifier>
      <Extensions>cpp;c;cc;cxx;def;odl;idl;hpj;bat;asm;asmx</Extensions>
    </Filter>
    <Filter Include="Header Files">
      <UniqueIdentifier>{93995380-89BD-4b04-88EB-625FBE52EBFB}</UniqueIdentifier>
      <Extensions>h;hh;hpp;hxx;hm;inl;inc;xsd</Extensions>
    </Filter>
    <Filter Include="Resource Files">
      <UniqueIdentifier>{67DA6AB6-F800-4c08-8B7A-83BB121AAD01}</UniqueIdentifier>
      <Extensions>rc;ico;cur;bmp;dlg;rc2;rct;bin;rgs;gif;jpg;jpeg;jpe;resx;tiff;tif;png;wav;mfcribbon-ms</Extensions>
    </Filter>
    <Filter Include="Header Files\SkyboxPortal">
      <UniqueIdentifier>{fe57d3a2-50ab-4e29-aafe-abf281d8e2c6}</UniqueIdentifier>
    </Filter>
    <Filter Include="Shaders">
      <UniqueIdentifier>{147127fb-cb60-4948-87db-7de911e86f61}</UniqueIdentifier>
    </Filter>
  </ItemGroup>
  <ItemGroup>
    <ClCompile Include="XTime.cpp">
      <Filter>Source Files</Filter>
    </ClCompile>
    <ClCompile Include="main.cpp">
      <Filter>Source Files</Filter>
    </ClCompile>
    <ClCompile Include="DDSTextureLoader.cpp">
      <Filter>Source Files</Filter>
    </ClCompile>
  </ItemGroup>
  <ItemGroup>
    <ClInclude Include="XTime.h">
      <Filter>Header Files</Filter>
    </ClInclude>
    <ClInclude Include="Assets\Test_UV_Map.h">
      <Filter>Header Files</Filter>
    </ClInclude>
    <ClInclude Include="AlphaDefines.h">
      <Filter>Header Files</Filter>
    </ClInclude>
    <ClInclude Include="Assets\Portal\portal_bk.h">
      <Filter>Header Files\SkyboxPortal</Filter>
    </ClInclude>
    <ClInclude Include="Assets\Portal\portal_dn.h">
      <Filter>Header Files\SkyboxPortal</Filter>
    </ClInclude>
    <ClInclude Include="Assets\Portal\portal_ft.h">
      <Filter>Header Files\SkyboxPortal</Filter>
    </ClInclude>
    <ClInclude Include="Assets\Portal\portal_lf.h">
      <Filter>Header Files\SkyboxPortal</Filter>
    </ClInclude>
    <ClInclude Include="Assets\Portal\portal_rt.h">
      <Filter>Header Files\SkyboxPortal</Filter>
    </ClInclude>
    <ClInclude Include="Assets\Portal\portal_up.h">
      <Filter>Header Files\SkyboxPortal</Filter>
    </ClInclude>
    <ClInclude Include="DDSTextureLoader.h">
      <Filter>Header Files</Filter>
    </ClInclude>
    <ClInclude Include="SharedDefines.h">
      <Filter>Header Files</Filter>
    </ClInclude>
  </ItemGroup>
  <ItemGroup>
    <FxCompile Include="Trivial_VS.hlsl">
      <Filter>Shaders</Filter>
    </FxCompile>
    <FxCompile Include="SamplePixelShader.hlsl">
      <Filter>Shaders</Filter>
    </FxCompile>
    <FxCompile Include="SampleVertexShader.hlsl">
      <Filter>Shaders</Filter>
    </FxCompile>
    <FxCompile Include="Trivial_PS.hlsl">
      <Filter>Shaders</Filter>
    </FxCompile>
    <FxCompile Include="RTT_PixelShader.hlsl">
      <Filter>Shaders</Filter>
    </FxCompile>
    <FxCompile Include="VS_Normal3D.hlsl">
      <Filter>Shaders</Filter>
    </FxCompile>
    <FxCompile Include="PS_Normal3D.hlsl">
      <Filter>Shaders</Filter>
    </FxCompile>
    <FxCompile Include="GS_Prototype.hlsl">
      <Filter>Shaders</Filter>
    </FxCompile>
  </ItemGroup>
  <ItemGroup>
    <Image Include="Assets\Test_UV_Map.dds">
      <Filter>Resource Files</Filter>
    </Image>
    <Image Include="Assets\SkyboxOcean.dds">
      <Filter>Resource Files</Filter>
    </Image>
  </ItemGroup>
  <ItemGroup>
    <None Include="Perspective.hlsli">
      <Filter>Shaders</Filter>
    </None>
  </ItemGroup>
</Project>